<?xml version="1.0" encoding="utf-8"?>
<Project ToolsVersion="4.0" xmlns="http://schemas.microsoft.com/developer/msbuild/2003">
  <ItemGroup>
    <Filter Include="Source Files">
      <UniqueIdentifier>{4FC737F1-C7A5-4376-A066-2A32D752A2FF}</UniqueIdentifier>
      <Extensions>cpp;c;cc;cxx;c++;cppm;ixx;def;odl;idl;hpj;bat;asm;asmx</Extensions>
    </Filter>
    <Filter Include="Header Files">
      <UniqueIdentifier>{93995380-89BD-4b04-88EB-625FBE52EBFB}</UniqueIdentifier>
      <Extensions>h;hh;hpp;hxx;h++;hm;inl;inc;ipp;xsd</Extensions>
    </Filter>
    <Filter Include="Resource Files">
      <UniqueIdentifier>{67DA6AB6-F800-4c08-8B7A-83BB121AAD01}</UniqueIdentifier>
      <Extensions>rc;ico;cur;bmp;dlg;rc2;rct;bin;rgs;gif;jpg;jpeg;jpe;resx;tiff;tif;png;wav;mfcribbon-ms</Extensions>
    </Filter>
    <Filter Include="Header Files\Equipment">
      <UniqueIdentifier>{a4fc1422-81fd-489d-9e80-ef97cad0a4f4}</UniqueIdentifier>
    </Filter>
    <Filter Include="Header Files\Additional">
      <UniqueIdentifier>{d4db3272-e6e7-4c9e-aba9-3d66a8ce801e}</UniqueIdentifier>
    </Filter>
    <Filter Include="Source Files\Additional">
      <UniqueIdentifier>{c15c15e6-6c35-4fb4-a1a4-c250e129eeab}</UniqueIdentifier>
    </Filter>
    <Filter Include="Source Files\Equipment">
      <UniqueIdentifier>{552e17dc-6859-4bd1-a188-192ccd5e866c}</UniqueIdentifier>
    </Filter>
    <Filter Include="Header Files\PlayerClasses">
      <UniqueIdentifier>{7f1050ab-8476-4e8d-adef-3fff0d52c618}</UniqueIdentifier>
    </Filter>
    <Filter Include="Source Files\PlayerClasses">
      <UniqueIdentifier>{be83b326-842e-4f7d-b748-e4aa89466e64}</UniqueIdentifier>
    </Filter>
    <Filter Include="Header Files\Areana">
      <UniqueIdentifier>{1456c37b-55c1-4d10-a5b2-57a55b36ed1a}</UniqueIdentifier>
    </Filter>
    <Filter Include="Source Files\Areana">
      <UniqueIdentifier>{8053e91c-4f9a-495f-bbe5-651a91c6224a}</UniqueIdentifier>
    </Filter>
  </ItemGroup>
  <ItemGroup>
    <ClCompile Include="Main.cpp">
      <Filter>Source Files</Filter>
    </ClCompile>
    <ClCompile Include="String.cpp">
      <Filter>Source Files\Additional</Filter>
    </ClCompile>
    <ClCompile Include="Item.cpp">
      <Filter>Source Files\Equipment</Filter>
    </ClCompile>
    <ClCompile Include="Player.cpp">
      <Filter>Source Files\PlayerClasses</Filter>
    </ClCompile>
    <ClCompile Include="Warrior.cpp">
      <Filter>Source Files\PlayerClasses</Filter>
    </ClCompile>
    <ClCompile Include="Archer.cpp">
      <Filter>Source Files\PlayerClasses</Filter>
    </ClCompile>
    <ClCompile Include="Menu.cpp">
      <Filter>Source Files\Areana</Filter>
    </ClCompile>
    <ClCompile Include="Areana.cpp">
      <Filter>Source Files\Areana</Filter>
    </ClCompile>
    <ClCompile Include="Weapon.cpp">
      <Filter>Source Files\Equipment</Filter>
    </ClCompile>
    <ClCompile Include="Bow.cpp">
      <Filter>Source Files\Equipment</Filter>
    </ClCompile>
    <ClCompile Include="Staff.cpp">
      <Filter>Source Files\Equipment</Filter>
    </ClCompile>
    <ClCompile Include="Sword.cpp">
      <Filter>Source Files\Equipment</Filter>
    </ClCompile>
    <ClCompile Include="Armor.cpp">
      <Filter>Source Files\Equipment</Filter>
    </ClCompile>
    <ClCompile Include="Helmet.cpp">
      <Filter>Source Files\Equipment</Filter>
    </ClCompile>
    <ClCompile Include="Breastplate.cpp">
      <Filter>Source Files\Equipment</Filter>
    </ClCompile>
    <ClCompile Include="Boots.cpp">
      <Filter>Source Files\Equipment</Filter>
    </ClCompile>
  </ItemGroup>
  <ItemGroup>
    <ClInclude Include="Armor.h">
      <Filter>Header Files\Equipment</Filter>
    </ClInclude>
    <ClInclude Include="Item.h">
      <Filter>Header Files\Equipment</Filter>
    </ClInclude>
    <ClInclude Include="Weapon.h">
      <Filter>Header Files\Equipment</Filter>
    </ClInclude>
    <ClInclude Include="String.h">
      <Filter>Header Files\Additional</Filter>
    </ClInclude>
    <ClInclude Include="Vector.h">
      <Filter>Header Files\Additional</Filter>
    </ClInclude>
    <ClInclude Include="Inventory.h">
      <Filter>Header Files\Equipment</Filter>
    </ClInclude>
    <ClInclude Include="Player.h">
      <Filter>Header Files\PlayerClasses</Filter>
    </ClInclude>
    <ClInclude Include="Warrior.h">
      <Filter>Header Files\PlayerClasses</Filter>
    </ClInclude>
    <ClInclude Include="Archer.h">
      <Filter>Header Files\PlayerClasses</Filter>
    </ClInclude>
    <ClInclude Include="Mage.h">
      <Filter>Header Files\PlayerClasses</Filter>
    </ClInclude>
    <ClInclude Include="Menu.h">
      <Filter>Header Files\Areana</Filter>
    </ClInclude>
    <ClInclude Include="Areana.h">
      <Filter>Header Files\Areana</Filter>
    </ClInclude>
    <ClInclude Include="Constants.h">
      <Filter>Header Files\Additional</Filter>
    </ClInclude>
    <ClInclude Include="Bow.h">
      <Filter>Header Files\Equipment</Filter>
    </ClInclude>
    <ClInclude Include="Staff.h">
      <Filter>Header Files\Equipment</Filter>
    </ClInclude>
    <ClInclude Include="Sword.h">
      <Filter>Header Files\Equipment</Filter>
    </ClInclude>
    <ClInclude Include="Helmet.h">
      <Filter>Header Files\Equipment</Filter>
    </ClInclude>
    <ClInclude Include="Breastplate.h">
      <Filter>Header Files\Equipment</Filter>
    </ClInclude>
    <ClInclude Include="Boots.h">
      <Filter>Header Files\Equipment</Filter>
    </ClInclude>
  </ItemGroup>
</Project>